
Microsoft Visual Studio Solution File, Format Version 12.00
# Visual Studio 15
VisualStudioVersion = 15.0.28010.2026
MinimumVisualStudioVersion = 10.0.40219.1
Project("{FAE04EC0-301F-11D3-BF4B-00C04F79EFBC}") = "BroadcastServer", "BroadcastServer\BroadcastServer.csproj", "{53A2332F-6005-4829-B17B-1573C5C45563}"
EndProject
Project("{FAE04EC0-301F-11D3-BF4B-00C04F79EFBC}") = "BroadcastClient", "BroadcastClient\BroadcastClient.csproj", "{3CE14353-36E7-4673-90CB-75BF5DEDBE08}"
EndProject
Project("{FAE04EC0-301F-11D3-BF4B-00C04F79EFBC}") = "MulticastClient", "MulticastClient\MulticastClient.csproj", "{BFA64084-7E80-4CD8-9457-C62B2363FC36}"
EndProject
Project("{FAE04EC0-301F-11D3-BF4B-00C04F79EFBC}") = "UnicastClient", "UnicastClient\UnicastClient.csproj", "{272CF200-B764-472E-BB9D-8FB86402C1DD}"
EndProject
Global
	GlobalSection(SolutionConfigurationPlatforms) = preSolution
		Debug|Any CPU = Debug|Any CPU
		Release|Any CPU = Release|Any CPU
	EndGlobalSection
	GlobalSection(ProjectConfigurationPlatforms) = postSolution
		{53A2332F-6005-4829-B17B-1573C5C45563}.Debug|Any CPU.ActiveCfg = Debug|Any CPU
		{53A2332F-6005-4829-B17B-1573C5C45563}.Debug|Any CPU.Build.0 = Debug|Any CPU
		{53A2332F-6005-4829-B17B-1573C5C45563}.Release|Any CPU.ActiveCfg = Release|Any CPU
		{53A2332F-6005-4829-B17B-1573C5C45563}.Release|Any CPU.Build.0 = Release|Any CPU
		{3CE14353-36E7-4673-90CB-75BF5DEDBE08}.Debug|Any CPU.ActiveCfg = Debug|Any CPU
		{3CE14353-36E7-4673-90CB-75BF5DEDBE08}.Debug|Any CPU.Build.0 = Debug|Any CPU
		{3CE14353-36E7-4673-90CB-75BF5DEDBE08}.Release|Any CPU.ActiveCfg = Release|Any CPU
		{3CE14353-36E7-4673-90CB-75BF5DEDBE08}.Release|Any CPU.Build.0 = Release|Any CPU
		{BFA64084-7E80-4CD8-9457-C62B2363FC36}.Debug|Any CPU.ActiveCfg = Debug|Any CPU
		{BFA64084-7E80-4CD8-9457-C62B2363FC36}.Debug|Any CPU.Build.0 = Debug|Any CPU
		{BFA64084-7E80-4CD8-9457-C62B2363FC36}.Release|Any CPU.ActiveCfg = Release|Any CPU
		{BFA64084-7E80-4CD8-9457-C62B2363FC36}.Release|Any CPU.Build.0 = Release|Any CPU
		{272CF200-B764-472E-BB9D-8FB86402C1DD}.Debug|Any CPU.ActiveCfg = Debug|Any CPU
		{272CF200-B764-472E-BB9D-8FB86402C1DD}.Debug|Any CPU.Build.0 = Debug|Any CPU
		{272CF200-B764-472E-BB9D-8FB86402C1DD}.Release|Any CPU.ActiveCfg = Release|Any CPU
		{272CF200-B764-472E-BB9D-8FB86402C1DD}.Release|Any CPU.Build.0 = Release|Any CPU
	EndGlobalSection
	GlobalSection(SolutionProperties) = preSolution
		HideSolutionNode = FALSE
	EndGlobalSection
	GlobalSection(ExtensibilityGlobals) = postSolution
		SolutionGuid = {18E21FE8-D6A8-41D5-B604-05DE86DD276F}
	EndGlobalSection
EndGlobal
